#MicroXplorer Configuration settings - do not modify
ADC1.Channel-0\#ChannelRegularConversion=ADC_CHANNEL_3
ADC1.EnableAnalogWatchDog=true
ADC1.IPParameters=Rank-0\#ChannelRegularConversion,master,Channel-0\#ChannelRegularConversion,SamplingTime-0\#ChannelRegularConversion,NbrOfConversionFlag,NbrOfConversion,InjNumberOfConversion,EnableAnalogWatchDog,WatchdogChannel
ADC1.InjNumberOfConversion=0
ADC1.NbrOfConversion=1
ADC1.NbrOfConversionFlag=1
ADC1.Rank-0\#ChannelRegularConversion=1
ADC1.SamplingTime-0\#ChannelRegularConversion=ADC_SAMPLETIME_144CYCLES
ADC1.WatchdogChannel=ADC_CHANNEL_3
ADC1.master=1
CAD.formats=
CAD.pinconfig=
CAD.provider=
Dma.ADC1.3.Direction=DMA_PERIPH_TO_MEMORY
Dma.ADC1.3.FIFOMode=DMA_FIFOMODE_DISABLE
Dma.ADC1.3.Instance=DMA2_Stream0
Dma.ADC1.3.MemDataAlignment=DMA_MDATAALIGN_HALFWORD
Dma.ADC1.3.MemInc=DMA_MINC_ENABLE
Dma.ADC1.3.Mode=DMA_NORMAL
Dma.ADC1.3.PeriphDataAlignment=DMA_PDATAALIGN_HALFWORD
Dma.ADC1.3.PeriphInc=DMA_PINC_DISABLE
Dma.ADC1.3.Priority=DMA_PRIORITY_LOW
Dma.ADC1.3.RequestParameters=Instance,Direction,PeriphInc,MemInc,PeriphDataAlignment,MemDataAlignment,Mode,Priority,FIFOMode
Dma.Request0=SPI1_TX
Dma.Request1=SPI5_TX
Dma.Request2=SDIO
Dma.Request3=ADC1
Dma.RequestsNb=4
Dma.SDIO.2.Direction=DMA_PERIPH_TO_MEMORY
Dma.SDIO.2.FIFOMode=DMA_FIFOMODE_ENABLE
Dma.SDIO.2.FIFOThreshold=DMA_FIFO_THRESHOLD_FULL
Dma.SDIO.2.Instance=DMA2_Stream3
Dma.SDIO.2.MemBurst=DMA_MBURST_INC4
Dma.SDIO.2.MemDataAlignment=DMA_MDATAALIGN_WORD
Dma.SDIO.2.MemInc=DMA_MINC_ENABLE
Dma.SDIO.2.Mode=DMA_PFCTRL
Dma.SDIO.2.PeriphBurst=DMA_PBURST_INC4
Dma.SDIO.2.PeriphDataAlignment=DMA_PDATAALIGN_WORD
Dma.SDIO.2.PeriphInc=DMA_PINC_DISABLE
Dma.SDIO.2.Priority=DMA_PRIORITY_VERY_HIGH
Dma.SDIO.2.RequestParameters=Instance,Direction,PeriphInc,MemInc,PeriphDataAlignment,MemDataAlignment,Mode,Priority,FIFOMode,FIFOThreshold,MemBurst,PeriphBurst
Dma.SPI1_TX.0.Direction=DMA_MEMORY_TO_PERIPH
Dma.SPI1_TX.0.FIFOMode=DMA_FIFOMODE_DISABLE
Dma.SPI1_TX.0.Instance=DMA2_Stream2
Dma.SPI1_TX.0.MemDataAlignment=DMA_MDATAALIGN_BYTE
Dma.SPI1_TX.0.MemInc=DMA_MINC_ENABLE
Dma.SPI1_TX.0.Mode=DMA_NORMAL
Dma.SPI1_TX.0.PeriphDataAlignment=DMA_PDATAALIGN_BYTE
Dma.SPI1_TX.0.PeriphInc=DMA_PINC_DISABLE
Dma.SPI1_TX.0.Priority=DMA_PRIORITY_LOW
Dma.SPI1_TX.0.RequestParameters=Instance,Direction,PeriphInc,MemInc,PeriphDataAlignment,MemDataAlignment,Mode,Priority,FIFOMode
Dma.SPI5_TX.1.Direction=DMA_MEMORY_TO_PERIPH
Dma.SPI5_TX.1.FIFOMode=DMA_FIFOMODE_ENABLE
Dma.SPI5_TX.1.FIFOThreshold=DMA_FIFO_THRESHOLD_FULL
Dma.SPI5_TX.1.Instance=DMA2_Stream4
Dma.SPI5_TX.1.MemBurst=DMA_MBURST_SINGLE
Dma.SPI5_TX.1.MemDataAlignment=DMA_MDATAALIGN_HALFWORD
Dma.SPI5_TX.1.MemInc=DMA_MINC_ENABLE
Dma.SPI5_TX.1.Mode=DMA_NORMAL
Dma.SPI5_TX.1.PeriphBurst=DMA_PBURST_SINGLE
Dma.SPI5_TX.1.PeriphDataAlignment=DMA_PDATAALIGN_HALFWORD
Dma.SPI5_TX.1.PeriphInc=DMA_PINC_DISABLE
Dma.SPI5_TX.1.Priority=DMA_PRIORITY_VERY_HIGH
Dma.SPI5_TX.1.RequestParameters=Instance,Direction,PeriphInc,MemInc,PeriphDataAlignment,MemDataAlignment,Mode,Priority,FIFOMode,FIFOThreshold,MemBurst,PeriphBurst
FATFS.BSP.number=1
FATFS.IPParameters=_USE_LFN,_FS_NORTC,_FS_REENTRANT,_MAX_SS
FATFS._FS_NORTC=0
FATFS._FS_REENTRANT=0
FATFS._MAX_SS=4096
FATFS._USE_LFN=2
FATFS0.BSP.STBoard=false
FATFS0.BSP.api=Unknown
FATFS0.BSP.component=
FATFS0.BSP.condition=
FATFS0.BSP.instance=PB14
FATFS0.BSP.ip=GPIO
FATFS0.BSP.mode=Input
FATFS0.BSP.name=Detect_SDIO
FATFS0.BSP.semaphore=
FATFS0.BSP.solution=PB14
FREERTOS.BinarySemaphores01=binSemaphoreDisplay,Dynamic,NULL
FREERTOS.IPParameters=Tasks01,configMINIMAL_STACK_SIZE,configMAX_TASK_NAME_LEN,configTOTAL_HEAP_SIZE,configUSE_COUNTING_SEMAPHORES,BinarySemaphores01
FREERTOS.Tasks01=defaultTask,0,1024,StartDefaultTask,Default,NULL,Dynamic,NULL,NULL
FREERTOS.configMAX_TASK_NAME_LEN=100
FREERTOS.configMINIMAL_STACK_SIZE=1024
FREERTOS.configTOTAL_HEAP_SIZE=20000
FREERTOS.configUSE_COUNTING_SEMAPHORES=1
File.Version=6
GPIO.groupedBy=Show All
I2C1.I2C_Mode=I2C_Fast
I2C1.IPParameters=I2C_Mode
I2S5.AudioFreq=I2S_AUDIOFREQ_44K
I2S5.CPOL=I2S_CPOL_HIGH
I2S5.ErrorAudioFreq=0.22 %
I2S5.FullDuplexMode=I2S_FULLDUPLEXMODE_DISABLE
I2S5.IPParameters=Instance,VirtualMode,FullDuplexMode,RealAudioFreq,ErrorAudioFreq,AudioFreq,CPOL
I2S5.Instance=SPI$Index
I2S5.RealAudioFreq=44.1 KHz
I2S5.VirtualMode=I2S_MODE_MASTER
KeepUserPlacement=false
Mcu.CPN=STM32F411CEU6
Mcu.Family=STM32F4
Mcu.IP0=ADC1
Mcu.IP1=CRC
Mcu.IP10=SPI1
Mcu.IP11=SYS
Mcu.IP12=TIM2
Mcu.IP13=TIM3
Mcu.IP14=USART1
Mcu.IP2=DMA
Mcu.IP3=FATFS
Mcu.IP4=FREERTOS
Mcu.IP5=I2C1
Mcu.IP6=I2S5
Mcu.IP7=NVIC
Mcu.IP8=RCC
Mcu.IP9=SDIO
Mcu.IPNb=15
Mcu.Name=STM32F411C(C-E)Ux
Mcu.Package=UFQFPN48
Mcu.Pin0=PC13-ANTI_TAMP
Mcu.Pin1=PC14-OSC32_IN
Mcu.Pin10=PA5
Mcu.Pin11=PA6
Mcu.Pin12=PA7
Mcu.Pin13=PB0
Mcu.Pin14=PB1
Mcu.Pin15=PB13
Mcu.Pin16=PB14
Mcu.Pin17=PB15
Mcu.Pin18=PA8
Mcu.Pin19=PA9
Mcu.Pin2=PC15-OSC32_OUT
Mcu.Pin20=PA10
Mcu.Pin21=PA13
Mcu.Pin22=PA14
Mcu.Pin23=PB3
Mcu.Pin24=PB4
Mcu.Pin25=PB5
Mcu.Pin26=PB6
Mcu.Pin27=PB7
Mcu.Pin28=PB8
Mcu.Pin29=PB9
Mcu.Pin3=PH0 - OSC_IN
Mcu.Pin30=VP_ADC1_Vref_Input
Mcu.Pin31=VP_CRC_VS_CRC
Mcu.Pin32=VP_FATFS_VS_SDIO
Mcu.Pin33=VP_FREERTOS_VS_CMSIS_V1
Mcu.Pin34=VP_SYS_VS_tim5
Mcu.Pin35=VP_TIM2_VS_ClockSourceINT
Mcu.Pin36=VP_TIM3_VS_ClockSourceINT
Mcu.Pin4=PH1 - OSC_OUT
Mcu.Pin5=PA0-WKUP
Mcu.Pin6=PA1
Mcu.Pin7=PA2
Mcu.Pin8=PA3
Mcu.Pin9=PA4
Mcu.PinsNb=37
Mcu.ThirdParty0=STMicroelectronics.X-CUBE-TOUCHGFX.4.20.0
Mcu.ThirdPartyNb=1
Mcu.UserConstants=
Mcu.UserName=STM32F411CEUx
MxCube.Version=6.7.0
MxDb.Version=DB.6.0.70
NVIC.BusFault_IRQn=true\:0\:0\:false\:false\:true\:false\:false\:false\:false
NVIC.DMA2_Stream0_IRQn=true\:10\:0\:true\:false\:true\:true\:false\:true\:true
NVIC.DMA2_Stream2_IRQn=true\:8\:0\:true\:false\:true\:true\:false\:true\:true
NVIC.DMA2_Stream3_IRQn=true\:5\:0\:true\:false\:true\:true\:false\:true\:true
NVIC.DMA2_Stream4_IRQn=true\:5\:0\:true\:false\:true\:true\:false\:true\:true
NVIC.DebugMonitor_IRQn=true\:0\:0\:false\:false\:true\:false\:false\:false\:false
NVIC.EXTI15_10_IRQn=true\:11\:0\:true\:false\:true\:true\:true\:true\:true
NVIC.EXTI2_IRQn=true\:5\:0\:true\:false\:true\:true\:true\:true\:true
NVIC.ForceEnableDMAVector=true
NVIC.HardFault_IRQn=true\:0\:0\:false\:false\:true\:false\:false\:false\:false
NVIC.MemoryManagement_IRQn=true\:0\:0\:false\:false\:true\:false\:false\:false\:false
NVIC.NonMaskableInt_IRQn=true\:0\:0\:false\:false\:true\:false\:false\:false\:false
NVIC.PendSV_IRQn=true\:15\:0\:false\:false\:false\:true\:false\:false\:false
NVIC.PriorityGroup=NVIC_PRIORITYGROUP_4
NVIC.SDIO_IRQn=true\:5\:0\:true\:false\:true\:true\:true\:true\:true
NVIC.SVCall_IRQn=true\:0\:0\:false\:false\:false\:false\:false\:false\:false
NVIC.SavedPendsvIrqHandlerGenerated=true
NVIC.SavedSvcallIrqHandlerGenerated=true
NVIC.SavedSystickIrqHandlerGenerated=true
NVIC.SysTick_IRQn=true\:15\:0\:false\:false\:false\:true\:false\:true\:false
NVIC.TIM2_IRQn=true\:9\:0\:true\:false\:true\:true\:true\:true\:true
NVIC.TIM3_IRQn=true\:12\:0\:true\:false\:true\:true\:true\:true\:true
NVIC.TIM5_IRQn=true\:15\:0\:false\:false\:true\:false\:false\:true\:true
NVIC.TimeBase=TIM5_IRQn
NVIC.TimeBaseIP=TIM5
NVIC.UsageFault_IRQn=true\:0\:0\:false\:false\:true\:false\:false\:false\:false
PA0-WKUP.Locked=true
PA0-WKUP.Signal=GPIO_Output
PA1.Locked=true
PA1.Signal=GPIO_Output
PA10.GPIOParameters=GPIO_Speed
PA10.GPIO_Speed=GPIO_SPEED_FREQ_VERY_HIGH
PA10.Mode=Half_Duplex_Master
PA10.Signal=I2S5_SD
PA13.Mode=Serial_Wire
PA13.Signal=SYS_JTMS-SWDIO
PA14.Mode=Serial_Wire
PA14.Signal=SYS_JTCK-SWCLK
PA2.GPIOParameters=GPIO_ModeDefaultEXTI
PA2.GPIO_ModeDefaultEXTI=GPIO_MODE_IT_FALLING
PA2.Locked=true
PA2.Signal=GPXTI2
PA3.GPIOParameters=GPIO_Label
PA3.GPIO_Label=Volume
PA3.Locked=true
PA3.Signal=ADCx_IN3
PA4.GPIOParameters=GPIO_Speed,PinState,GPIO_PuPd,GPIO_Label
PA4.GPIO_Label=FLASH_CS
PA4.GPIO_PuPd=GPIO_PULLUP
PA4.GPIO_Speed=GPIO_SPEED_FREQ_VERY_HIGH
PA4.Locked=true
PA4.PinState=GPIO_PIN_SET
PA4.Signal=GPIO_Output
PA5.Locked=true
PA5.Mode=Full_Duplex_Master
PA5.Signal=SPI1_SCK
PA6.Mode=SD_4_bits_Wide_bus
PA6.Signal=SDIO_CMD
PA7.Locked=true
PA7.Mode=Full_Duplex_Master
PA7.Signal=SPI1_MOSI
PA8.Mode=SD_4_bits_Wide_bus
PA8.Signal=SDIO_D1
PA9.Mode=SD_4_bits_Wide_bus
PA9.Signal=SDIO_D2
PB0.GPIOParameters=GPIO_Speed
PB0.GPIO_Speed=GPIO_SPEED_FREQ_VERY_HIGH
PB0.Locked=true
PB0.Mode=Half_Duplex_Master
PB0.Signal=I2S5_CK
PB1.GPIOParameters=GPIO_Speed
PB1.GPIO_Speed=GPIO_SPEED_FREQ_VERY_HIGH
PB1.Locked=true
PB1.Mode=Half_Duplex_Master
PB1.Signal=I2S5_WS
PB13.GPIOParameters=GPIO_Label,GPIO_ModeDefaultEXTI
PB13.GPIO_Label=BAT_CHARGE
PB13.GPIO_ModeDefaultEXTI=GPIO_MODE_IT_RISING_FALLING
PB13.Locked=true
PB13.Signal=GPXTI13
PB14.Locked=true
PB14.Signal=GPIO_Input
PB15.Mode=SD_4_bits_Wide_bus
PB15.Signal=SDIO_CK
PB3.Locked=true
PB3.Mode=Asynchronous
PB3.Signal=USART1_RX
PB4.Locked=true
PB4.Mode=Full_Duplex_Master
PB4.Signal=SPI1_MISO
PB5.Mode=SD_4_bits_Wide_bus
PB5.Signal=SDIO_D3
PB6.Locked=true
PB6.Mode=Asynchronous
PB6.Signal=USART1_TX
PB7.Locked=true
PB7.Mode=SD_4_bits_Wide_bus
PB7.Signal=SDIO_D0
PB8.Locked=true
PB8.Mode=I2C
PB8.Signal=I2C1_SCL
PB9.Locked=true
PB9.Mode=I2C
PB9.Signal=I2C1_SDA
PC13-ANTI_TAMP.GPIOParameters=GPIO_PuPd
PC13-ANTI_TAMP.GPIO_PuPd=GPIO_PULLUP
PC13-ANTI_TAMP.Locked=true
PC13-ANTI_TAMP.Signal=GPIO_Output
PC14-OSC32_IN.GPIOParameters=GPIO_PuPd
PC14-OSC32_IN.GPIO_PuPd=GPIO_PULLDOWN
PC14-OSC32_IN.Locked=true
PC14-OSC32_IN.Signal=GPIO_Output
PC15-OSC32_OUT.GPIOParameters=GPIO_PuPd
PC15-OSC32_OUT.GPIO_PuPd=GPIO_PULLUP
PC15-OSC32_OUT.Locked=true
PC15-OSC32_OUT.Signal=GPIO_Output
PH0\ -\ OSC_IN.Locked=true
PH0\ -\ OSC_IN.Signal=RCC_OSC_IN
PH1\ -\ OSC_OUT.Locked=true
PH1\ -\ OSC_OUT.Signal=RCC_OSC_OUT
PinOutPanel.RotationAngle=0
ProjectManager.AskForMigrate=true
ProjectManager.BackupPrevious=false
ProjectManager.CompilerOptimize=6
ProjectManager.ComputerToolchain=false
ProjectManager.CoupleFile=true
ProjectManager.CustomerFirmwarePackage=
ProjectManager.DefaultFWLocation=true
ProjectManager.DeletePrevious=true
ProjectManager.DeviceId=STM32F411CEUx
ProjectManager.FirmwarePackage=STM32Cube FW_F4 V1.27.1
ProjectManager.FreePins=false
ProjectManager.HalAssertFull=false
ProjectManager.HeapSize=0x200
ProjectManager.KeepUserCode=true
ProjectManager.LastFirmware=true
ProjectManager.LibraryCopy=1
ProjectManager.MainLocation=Core/Src
ProjectManager.NoMain=false
ProjectManager.PreviousToolchain=
ProjectManager.ProjectBuild=false
ProjectManager.ProjectFileName=STM32_Audio_v1.1.ioc
ProjectManager.ProjectName=STM32_Audio_v1.1
ProjectManager.RegisterCallBack=
ProjectManager.StackSize=0x400
ProjectManager.TargetToolchain=STM32CubeIDE
ProjectManager.ToolChainLocation=
ProjectManager.UnderRoot=true
ProjectManager.functionlistsort=1-SystemClock_Config-RCC-false-HAL-false,2-MX_GPIO_Init-GPIO-false-HAL-true,3-MX_DMA_Init-DMA-false-HAL-true,4-MX_USART1_UART_Init-USART1-false-HAL-true,5-MX_SPI1_Init-SPI1-false-HAL-true,6-MX_I2C1_Init-I2C1-false-HAL-true,7-MX_I2S5_Init-I2S5-false-HAL-true,8-MX_SDIO_SD_Init-SDIO-false-HAL-true,9-MX_FATFS_Init-FATFS-false-HAL-false,10-MX_TIM3_Init-TIM3-false-HAL-true,11-MX_ADC1_Init-ADC1-false-HAL-true,12-MX_CRC_Init-CRC-false-HAL-true,13-MX_TIM2_Init-TIM2-false-HAL-true
RCC.48MHZClocksFreq_Value=40000000
RCC.AHBFreq_Value=100000000
RCC.APB1CLKDivider=RCC_HCLK_DIV2
RCC.APB1Freq_Value=50000000
RCC.APB1TimFreq_Value=100000000
RCC.APB2Freq_Value=100000000
RCC.APB2TimFreq_Value=100000000
RCC.CortexFreq_Value=100000000
RCC.EthernetFreq_Value=100000000
RCC.FCLKCortexFreq_Value=100000000
RCC.FamilyName=M
RCC.HCLKFreq_Value=100000000
RCC.HSE_VALUE=25000000
RCC.HSI_VALUE=16000000
RCC.I2SClocksFreq_Value=151000000
RCC.IPParameters=48MHZClocksFreq_Value,AHBFreq_Value,APB1CLKDivider,APB1Freq_Value,APB1TimFreq_Value,APB2Freq_Value,APB2TimFreq_Value,CortexFreq_Value,EthernetFreq_Value,FCLKCortexFreq_Value,FamilyName,HCLKFreq_Value,HSE_VALUE,HSI_VALUE,I2SClocksFreq_Value,LSE_VALUE,LSI_VALUE,PLLCLKFreq_Value,PLLI2SN,PLLN,PLLP,PLLQ,PLLQCLKFreq_Value,RTCFreq_Value,RTCHSEDivFreq_Value,SYSCLKFreq_VALUE,SYSCLKSource,VCOI2SOutputFreq_Value,VCOInputFreq_Value,VCOInputMFreq_Value,VCOOutputFreq_Value,VcooutputI2S
RCC.LSE_VALUE=32768
RCC.LSI_VALUE=32000
RCC.PLLCLKFreq_Value=100000000
RCC.PLLI2SN=302
RCC.PLLN=400
RCC.PLLP=RCC_PLLP_DIV4
RCC.PLLQ=10
RCC.PLLQCLKFreq_Value=40000000
RCC.RTCFreq_Value=32000
RCC.RTCHSEDivFreq_Value=12500000
RCC.SYSCLKFreq_VALUE=100000000
RCC.SYSCLKSource=RCC_SYSCLKSOURCE_PLLCLK
RCC.VCOI2SOutputFreq_Value=302000000
RCC.VCOInputFreq_Value=1000000
RCC.VCOInputMFreq_Value=1000000
RCC.VCOOutputFreq_Value=400000000
RCC.VcooutputI2S=151000000
SDIO.ClockDiv=0
SDIO.ClockPowerSave=SDIO_CLOCK_POWER_SAVE_ENABLE
SDIO.IPParameters=ClockDiv,ClockPowerSave
SH.ADCx_IN3.0=ADC1_IN3,IN3
SH.ADCx_IN3.ConfNb=1
SH.GPXTI13.0=GPIO_EXTI13
SH.GPXTI13.ConfNb=1
SH.GPXTI2.0=GPIO_EXTI2
SH.GPXTI2.ConfNb=1
SPI1.BaudRatePrescaler=SPI_BAUDRATEPRESCALER_2
SPI1.CLKPhase=SPI_PHASE_1EDGE
SPI1.CLKPolarity=SPI_POLARITY_LOW
SPI1.CalculateBaudRate=50.0 MBits/s
SPI1.DataSize=SPI_DATASIZE_8BIT
SPI1.Direction=SPI_DIRECTION_2LINES
SPI1.FirstBit=SPI_FIRSTBIT_MSB
SPI1.IPParameters=VirtualType,Mode,Direction,CalculateBaudRate,BaudRatePrescaler,CLKPolarity,DataSize,FirstBit,CLKPhase
SPI1.Mode=SPI_MODE_MASTER
SPI1.VirtualType=VM_MASTER
STMicroelectronics.X-CUBE-TOUCHGFX.4.20.0.GraphicsJjApplication_Checked=false
STMicroelectronics.X-CUBE-TOUCHGFX.4.20.0.IPParameters=tgfx_custom_width,tgfx_custom_height,tgfx_location,tgfx_oswrapper,tgfx_buffering_strategy,tgfx_number_of_blocks,tgfx_partialfb_transmit_strategy,tgfx_block_size
STMicroelectronics.X-CUBE-TOUCHGFX.4.20.0.tgfx_block_size=5760
STMicroelectronics.X-CUBE-TOUCHGFX.4.20.0.tgfx_buffering_strategy=Partial
STMicroelectronics.X-CUBE-TOUCHGFX.4.20.0.tgfx_custom_height=240
STMicroelectronics.X-CUBE-TOUCHGFX.4.20.0.tgfx_custom_width=240
STMicroelectronics.X-CUBE-TOUCHGFX.4.20.0.tgfx_location=Allocate
STMicroelectronics.X-CUBE-TOUCHGFX.4.20.0.tgfx_number_of_blocks=2
STMicroelectronics.X-CUBE-TOUCHGFX.4.20.0.tgfx_oswrapper=Custom
STMicroelectronics.X-CUBE-TOUCHGFX.4.20.0.tgfx_partialfb_transmit_strategy=Disabled
STMicroelectronics.X-CUBE-TOUCHGFX.4.20.0_IsPackSelfContextualization=true
STMicroelectronics.X-CUBE-TOUCHGFX.4.20.0_SwParameter=ApplicationCcGraphicsJjApplication\:TouchGFXOoGenerator;
TIM2.IPParameters=Prescaler,Period
TIM2.Period=1999
TIM2.Prescaler=49999
TIM3.AutoReloadPreload=TIM_AUTORELOAD_PRELOAD_ENABLE
TIM3.IPParameters=Period,Prescaler,TIM_MasterOutputTrigger,AutoReloadPreload
TIM3.Period=50000
TIM3.Prescaler=1000
TIM3.TIM_MasterOutputTrigger=TIM_TRGO_RESET
USART1.IPParameters=VirtualMode
USART1.VirtualMode=VM_ASYNC
VP_ADC1_Vref_Input.Mode=IN-Vrefint
VP_ADC1_Vref_Input.Signal=ADC1_Vref_Input
VP_CRC_VS_CRC.Mode=CRC_Activate
VP_CRC_VS_CRC.Signal=CRC_VS_CRC
VP_FATFS_VS_SDIO.Mode=SDIO
VP_FATFS_VS_SDIO.Signal=FATFS_VS_SDIO
VP_FREERTOS_VS_CMSIS_V1.Mode=CMSIS_V1
VP_FREERTOS_VS_CMSIS_V1.Signal=FREERTOS_VS_CMSIS_V1
VP_SYS_VS_tim5.Mode=TIM5
VP_SYS_VS_tim5.Signal=SYS_VS_tim5
VP_TIM2_VS_ClockSourceINT.Mode=Internal
VP_TIM2_VS_ClockSourceINT.Signal=TIM2_VS_ClockSourceINT
VP_TIM3_VS_ClockSourceINT.Mode=Internal
VP_TIM3_VS_ClockSourceINT.Signal=TIM3_VS_ClockSourceINT
board=custom
isbadioc=false
